
Microsoft Visual Studio Solution File, Format Version 12.00
# Visual Studio Version 17
VisualStudioVersion = 17.9.34728.123
MinimumVisualStudioVersion = 10.0.40219.1
Project("{2150E333-8FDC-42A3-9474-1A3956D46DE8}") = "CoreAPI", "CoreAPI", "{02E2B090-A883-442B-9AD5-FC45888A44EA}"
EndProject
Project("{9A19103F-16F7-4668-BE54-9A1E7A4F7556}") = "CoreAPI", "CoreAPI\CoreAPI\CoreAPI.csproj", "{944489F8-5463-41CF-9AEF-FE6AFE3C18CD}"
EndProject
Project("{2150E333-8FDC-42A3-9474-1A3956D46DE8}") = ".Files", ".Files", "{810965A3-18F4-4DF4-B2F1-98DA663CDFB0}"
	ProjectSection(SolutionItems) = preProject
		.env = .env
		README.md = README.md
	EndProjectSection
EndProject
Project("{E53339B2-1760-4266-BCC7-CA923CBCF16C}") = "docker-compose", "docker-compose.dcproj", "{33BDC6BA-0EC0-4E49-9390-7FF637FC8EB5}"
EndProject
Project("{54A90642-561A-4BB1-A94E-469ADEE60C69}") = "GettingStartedApp", "GettingStartedApp\GettingStartedApp.esproj", "{5556ADF2-A8C3-4EE1-A3C6-C58E7CAED1A4}"
EndProject
Project("{2150E333-8FDC-42A3-9474-1A3956D46DE8}") = ".github", ".github", "{67133897-3738-4102-92BB-0756A5474FC2}"
EndProject
Project("{2150E333-8FDC-42A3-9474-1A3956D46DE8}") = "workflows", "workflows", "{42DA4498-2989-4B64-9199-2E914E0556CF}"
	ProjectSection(SolutionItems) = preProject
		.github\workflows\coreangular-main-docker.yml = .github\workflows\coreangular-main-docker.yml
		.github\workflows\coreapi-main-docker.yml = .github\workflows\coreapi-main-docker.yml
	EndProjectSection
EndProject
Project("{9A19103F-16F7-4668-BE54-9A1E7A4F7556}") = "CoreAngular.Server", "CoreAngular\CoreAngular.Server\CoreAngular.Server.csproj", "{6DF95CD4-F0F6-47C1-B187-EFB8A79ADCF7}"
EndProject
Project("{54A90642-561A-4BB1-A94E-469ADEE60C69}") = "coreangular.client", "CoreAngular\coreangular.client\coreangular.client.esproj", "{8B7427A8-5852-4E61-B875-0A238AD7D878}"
EndProject
Project("{2150E333-8FDC-42A3-9474-1A3956D46DE8}") = "CoreAngular", "CoreAngular", "{2A008CE7-C8F5-4CEC-9019-AF631E7B4431}"
	ProjectSection(SolutionItems) = preProject
		CoreAngular\Dockerfile = CoreAngular\Dockerfile
		CoreAngular\README.md = CoreAngular\README.md
	EndProjectSection
EndProject
Project("{9A19103F-16F7-4668-BE54-9A1E7A4F7556}") = "CoreAngular.Service", "CoreAngular\CoreAngular.Service\CoreAngular.Service.csproj", "{08BDE7FA-05CB-4DD6-8A0E-A1B7E5638F81}"
EndProject
Project("{9A19103F-16F7-4668-BE54-9A1E7A4F7556}") = "CoreAPI.Data", "CoreAPI\CoreAPI.Data\CoreAPI.Data.csproj", "{3E0F7D21-A0BA-4F1E-9BB5-31A3F2AFB5D8}"
EndProject
Project("{9A19103F-16F7-4668-BE54-9A1E7A4F7556}") = "CoreAPI.Data.DBContext", "CoreAPI\CoreAPI.Data.DBContext\CoreAPI.Data.DBContext.csproj", "{46A343DA-AA8D-4A49-99A4-F73DF9633F79}"
EndProject
Project("{FAE04EC0-301F-11D3-BF4B-00C04F79EFBC}") = "CoreAPI.Data.Core", "CoreAPI\CoreAPI.Data.Core\CoreAPI.Data.Core.csproj", "{F442CE38-8085-4C08-920A-2688961104E8}"
EndProject
Global
	GlobalSection(SolutionConfigurationPlatforms) = preSolution
		Debug|Any CPU = Debug|Any CPU
		Release|Any CPU = Release|Any CPU
	EndGlobalSection
	GlobalSection(ProjectConfigurationPlatforms) = postSolution
		{944489F8-5463-41CF-9AEF-FE6AFE3C18CD}.Debug|Any CPU.ActiveCfg = Debug|Any CPU
		{944489F8-5463-41CF-9AEF-FE6AFE3C18CD}.Debug|Any CPU.Build.0 = Debug|Any CPU
		{944489F8-5463-41CF-9AEF-FE6AFE3C18CD}.Release|Any CPU.ActiveCfg = Release|Any CPU
		{944489F8-5463-41CF-9AEF-FE6AFE3C18CD}.Release|Any CPU.Build.0 = Release|Any CPU
		{33BDC6BA-0EC0-4E49-9390-7FF637FC8EB5}.Debug|Any CPU.ActiveCfg = Debug|Any CPU
		{33BDC6BA-0EC0-4E49-9390-7FF637FC8EB5}.Debug|Any CPU.Build.0 = Debug|Any CPU
		{33BDC6BA-0EC0-4E49-9390-7FF637FC8EB5}.Release|Any CPU.ActiveCfg = Release|Any CPU
		{33BDC6BA-0EC0-4E49-9390-7FF637FC8EB5}.Release|Any CPU.Build.0 = Release|Any CPU
		{5556ADF2-A8C3-4EE1-A3C6-C58E7CAED1A4}.Debug|Any CPU.ActiveCfg = Debug|Any CPU
		{5556ADF2-A8C3-4EE1-A3C6-C58E7CAED1A4}.Debug|Any CPU.Build.0 = Debug|Any CPU
		{5556ADF2-A8C3-4EE1-A3C6-C58E7CAED1A4}.Debug|Any CPU.Deploy.0 = Debug|Any CPU
		{5556ADF2-A8C3-4EE1-A3C6-C58E7CAED1A4}.Release|Any CPU.ActiveCfg = Release|Any CPU
		{5556ADF2-A8C3-4EE1-A3C6-C58E7CAED1A4}.Release|Any CPU.Build.0 = Release|Any CPU
		{5556ADF2-A8C3-4EE1-A3C6-C58E7CAED1A4}.Release|Any CPU.Deploy.0 = Release|Any CPU
		{6DF95CD4-F0F6-47C1-B187-EFB8A79ADCF7}.Debug|Any CPU.ActiveCfg = Debug|Any CPU
		{6DF95CD4-F0F6-47C1-B187-EFB8A79ADCF7}.Debug|Any CPU.Build.0 = Debug|Any CPU
		{6DF95CD4-F0F6-47C1-B187-EFB8A79ADCF7}.Release|Any CPU.ActiveCfg = Release|Any CPU
		{6DF95CD4-F0F6-47C1-B187-EFB8A79ADCF7}.Release|Any CPU.Build.0 = Release|Any CPU
		{8B7427A8-5852-4E61-B875-0A238AD7D878}.Debug|Any CPU.ActiveCfg = Debug|Any CPU
		{8B7427A8-5852-4E61-B875-0A238AD7D878}.Debug|Any CPU.Build.0 = Debug|Any CPU
		{8B7427A8-5852-4E61-B875-0A238AD7D878}.Debug|Any CPU.Deploy.0 = Debug|Any CPU
		{8B7427A8-5852-4E61-B875-0A238AD7D878}.Release|Any CPU.ActiveCfg = Release|Any CPU
		{8B7427A8-5852-4E61-B875-0A238AD7D878}.Release|Any CPU.Build.0 = Release|Any CPU
		{8B7427A8-5852-4E61-B875-0A238AD7D878}.Release|Any CPU.Deploy.0 = Release|Any CPU
		{08BDE7FA-05CB-4DD6-8A0E-A1B7E5638F81}.Debug|Any CPU.ActiveCfg = Debug|Any CPU
		{08BDE7FA-05CB-4DD6-8A0E-A1B7E5638F81}.Debug|Any CPU.Build.0 = Debug|Any CPU
		{08BDE7FA-05CB-4DD6-8A0E-A1B7E5638F81}.Release|Any CPU.ActiveCfg = Release|Any CPU
		{08BDE7FA-05CB-4DD6-8A0E-A1B7E5638F81}.Release|Any CPU.Build.0 = Release|Any CPU
		{3E0F7D21-A0BA-4F1E-9BB5-31A3F2AFB5D8}.Debug|Any CPU.ActiveCfg = Debug|Any CPU
		{3E0F7D21-A0BA-4F1E-9BB5-31A3F2AFB5D8}.Debug|Any CPU.Build.0 = Debug|Any CPU
		{3E0F7D21-A0BA-4F1E-9BB5-31A3F2AFB5D8}.Release|Any CPU.ActiveCfg = Release|Any CPU
		{3E0F7D21-A0BA-4F1E-9BB5-31A3F2AFB5D8}.Release|Any CPU.Build.0 = Release|Any CPU
		{46A343DA-AA8D-4A49-99A4-F73DF9633F79}.Debug|Any CPU.ActiveCfg = Debug|Any CPU
		{46A343DA-AA8D-4A49-99A4-F73DF9633F79}.Debug|Any CPU.Build.0 = Debug|Any CPU
		{46A343DA-AA8D-4A49-99A4-F73DF9633F79}.Release|Any CPU.ActiveCfg = Release|Any CPU
		{46A343DA-AA8D-4A49-99A4-F73DF9633F79}.Release|Any CPU.Build.0 = Release|Any CPU
		{F442CE38-8085-4C08-920A-2688961104E8}.Debug|Any CPU.ActiveCfg = Debug|Any CPU
		{F442CE38-8085-4C08-920A-2688961104E8}.Debug|Any CPU.Build.0 = Debug|Any CPU
		{F442CE38-8085-4C08-920A-2688961104E8}.Release|Any CPU.ActiveCfg = Release|Any CPU
		{F442CE38-8085-4C08-920A-2688961104E8}.Release|Any CPU.Build.0 = Release|Any CPU
	EndGlobalSection
	GlobalSection(SolutionProperties) = preSolution
		HideSolutionNode = FALSE
	EndGlobalSection
	GlobalSection(NestedProjects) = preSolution
		{944489F8-5463-41CF-9AEF-FE6AFE3C18CD} = {02E2B090-A883-442B-9AD5-FC45888A44EA}
		{33BDC6BA-0EC0-4E49-9390-7FF637FC8EB5} = {810965A3-18F4-4DF4-B2F1-98DA663CDFB0}
		{5556ADF2-A8C3-4EE1-A3C6-C58E7CAED1A4} = {02E2B090-A883-442B-9AD5-FC45888A44EA}
		{67133897-3738-4102-92BB-0756A5474FC2} = {810965A3-18F4-4DF4-B2F1-98DA663CDFB0}
		{42DA4498-2989-4B64-9199-2E914E0556CF} = {67133897-3738-4102-92BB-0756A5474FC2}
		{6DF95CD4-F0F6-47C1-B187-EFB8A79ADCF7} = {2A008CE7-C8F5-4CEC-9019-AF631E7B4431}
		{8B7427A8-5852-4E61-B875-0A238AD7D878} = {2A008CE7-C8F5-4CEC-9019-AF631E7B4431}
		{08BDE7FA-05CB-4DD6-8A0E-A1B7E5638F81} = {2A008CE7-C8F5-4CEC-9019-AF631E7B4431}
		{3E0F7D21-A0BA-4F1E-9BB5-31A3F2AFB5D8} = {02E2B090-A883-442B-9AD5-FC45888A44EA}
		{46A343DA-AA8D-4A49-99A4-F73DF9633F79} = {02E2B090-A883-442B-9AD5-FC45888A44EA}
		{F442CE38-8085-4C08-920A-2688961104E8} = {02E2B090-A883-442B-9AD5-FC45888A44EA}
	EndGlobalSection
	GlobalSection(ExtensibilityGlobals) = postSolution
		SolutionGuid = {E00611D3-2A53-4B2A-BF3D-150A484FD271}
	EndGlobalSection
EndGlobal
